PODS:
  - FZClosureScrollView (0.1.0):
    - FZClosureScrollView/CollectionView (= 0.1.0)
    - FZClosureScrollView/ScrollView (= 0.1.0)
    - FZClosureScrollView/TableView (= 0.1.0)
  - FZClosureScrollView/CollectionView (0.1.0):
    - FZClosureScrollView/ScrollView
  - FZClosureScrollView/ScrollView (0.1.0)
  - FZClosureScrollView/TableView (0.1.0):
    - FZClosureScrollView/ScrollView
  - Nimble (9.2.0)
  - Quick (4.0.0)

DEPENDENCIES:
  - FZClosureScrollView (from `../`)
  - Nimble
  - Quick

SPEC REPOS:
  trunk:
    - Nimble
    - Quick

EXTERNAL SOURCES:
  FZClosureScrollView:
    :path: "../"

SPEC CHECKSUMS:
  FZClosureScrollView: b7f3ceb25735c2df5afa6644db2c8c34776b5d40
  Nimble: 4f4a345c80b503b3ea13606a4f98405974ee4d0b
  Quick: 6473349e43b9271a8d43839d9ba1c442ed1b7ac4

PODFILE CHECKSUM: d476f1d0763adc59708c365d76f895f335f6dca3

COCOAPODS: 1.10.1
